
Microsoft Visual Studio Solution File, Format Version 12.00
# Visual Studio Version 17
VisualStudioVersion = 17.9.34728.123
MinimumVisualStudioVersion = 10.0.40219.1
Project("{2150E333-8FDC-42A3-9474-1A3956D46DE8}") = "Services", "Services", "{C3DD00A0-1F8A-4E6B-9FE6-93452094B8C7}"
EndProject
Project("{2150E333-8FDC-42A3-9474-1A3956D46DE8}") = "Catalog", "Catalog", "{39863433-F717-4AFF-9DED-99D007075A7F}"
EndProject
Project("{9A19103F-16F7-4668-BE54-9A1E7A4F7556}") = "Catalog.API", "Services\Catalog\Catalog.API\Catalog.API.csproj", "{416134DB-30B6-4234-BF25-7D9244641110}"
EndProject
Project("{2150E333-8FDC-42A3-9474-1A3956D46DE8}") = "CommonOperations", "CommonOperations", "{6D1C9935-0227-4B67-BE67-6F9CDEC1568C}"
EndProject
Project("{9A19103F-16F7-4668-BE54-9A1E7A4F7556}") = "CommonOperations", "CommonOperations\CommonOperations\CommonOperations.csproj", "{47684B4D-3871-4DB8-9A20-93EC1C9F4606}"
EndProject
Project("{E53339B2-1760-4266-BCC7-CA923CBCF16C}") = "docker-compose", "docker-compose.dcproj", "{CD61F591-8DC2-4F82-B298-FE8AE6CA97C0}"
EndProject
Project("{2150E333-8FDC-42A3-9474-1A3956D46DE8}") = "Basket", "Basket", "{4959EBD1-A8AF-4157-B935-F56398DD4F1F}"
EndProject
Project("{9A19103F-16F7-4668-BE54-9A1E7A4F7556}") = "Basket.API", "Services\Basket\Basket.API\Basket.API.csproj", "{9E1B4BB4-4314-4578-875C-494124E6338E}"
EndProject
Project("{2150E333-8FDC-42A3-9474-1A3956D46DE8}") = "Discount", "Discount", "{874FD0E7-38D1-4695-8325-0321CB18E953}"
EndProject
Project("{9A19103F-16F7-4668-BE54-9A1E7A4F7556}") = "Discount.Grpc", "Services\Discount\Discount.Grpc\Discount.Grpc.csproj", "{75FC922E-2CB8-40FD-A50D-BE4DA22A4CE0}"
EndProject
Project("{2150E333-8FDC-42A3-9474-1A3956D46DE8}") = "Ordering", "Ordering", "{9C7ACF71-3C01-4863-A658-30707284BF91}"
EndProject
Project("{9A19103F-16F7-4668-BE54-9A1E7A4F7556}") = "Ordering.API", "Services\Ordering\Ordering.API\Ordering.API.csproj", "{435A8735-8307-4D7D-9B30-1E4DD8A2E519}"
EndProject
Project("{9A19103F-16F7-4668-BE54-9A1E7A4F7556}") = "Ordering.Domain", "Services\Ordering\Ordering.Domain\Ordering.Domain.csproj", "{E65E6243-C0B0-409E-BB0A-A8C5972218DB}"
EndProject
Project("{9A19103F-16F7-4668-BE54-9A1E7A4F7556}") = "Ordering.Application", "Services\Ordering\Ordering.Application\Ordering.Application.csproj", "{C8D955C7-430F-4DF2-B35B-AD6F4ACDB28E}"
EndProject
Project("{9A19103F-16F7-4668-BE54-9A1E7A4F7556}") = "Ordering.Infrastruture", "Services\Ordering\Ordering.Infrastruture\Ordering.Infrastruture.csproj", "{8D51A2F4-6E72-4EA9-A36E-D0B72850CCDE}"
EndProject
Project("{FAE04EC0-301F-11D3-BF4B-00C04F79EFBC}") = "CommonOperations.Messaging", "CommonOperations\CommonOperations.Messaging\CommonOperations.Messaging.csproj", "{1584F729-5145-4908-924B-3A26D3B3B547}"
EndProject
Global
	GlobalSection(SolutionConfigurationPlatforms) = preSolution
		Debug|Any CPU = Debug|Any CPU
		Release|Any CPU = Release|Any CPU
	EndGlobalSection
	GlobalSection(ProjectConfigurationPlatforms) = postSolution
		{416134DB-30B6-4234-BF25-7D9244641110}.Debug|Any CPU.ActiveCfg = Debug|Any CPU
		{416134DB-30B6-4234-BF25-7D9244641110}.Debug|Any CPU.Build.0 = Debug|Any CPU
		{416134DB-30B6-4234-BF25-7D9244641110}.Release|Any CPU.ActiveCfg = Release|Any CPU
		{416134DB-30B6-4234-BF25-7D9244641110}.Release|Any CPU.Build.0 = Release|Any CPU
		{47684B4D-3871-4DB8-9A20-93EC1C9F4606}.Debug|Any CPU.ActiveCfg = Debug|Any CPU
		{47684B4D-3871-4DB8-9A20-93EC1C9F4606}.Debug|Any CPU.Build.0 = Debug|Any CPU
		{47684B4D-3871-4DB8-9A20-93EC1C9F4606}.Release|Any CPU.ActiveCfg = Release|Any CPU
		{47684B4D-3871-4DB8-9A20-93EC1C9F4606}.Release|Any CPU.Build.0 = Release|Any CPU
		{CD61F591-8DC2-4F82-B298-FE8AE6CA97C0}.Debug|Any CPU.ActiveCfg = Debug|Any CPU
		{CD61F591-8DC2-4F82-B298-FE8AE6CA97C0}.Debug|Any CPU.Build.0 = Debug|Any CPU
		{CD61F591-8DC2-4F82-B298-FE8AE6CA97C0}.Release|Any CPU.ActiveCfg = Release|Any CPU
		{CD61F591-8DC2-4F82-B298-FE8AE6CA97C0}.Release|Any CPU.Build.0 = Release|Any CPU
		{9E1B4BB4-4314-4578-875C-494124E6338E}.Debug|Any CPU.ActiveCfg = Debug|Any CPU
		{9E1B4BB4-4314-4578-875C-494124E6338E}.Debug|Any CPU.Build.0 = Debug|Any CPU
		{9E1B4BB4-4314-4578-875C-494124E6338E}.Release|Any CPU.ActiveCfg = Release|Any CPU
		{9E1B4BB4-4314-4578-875C-494124E6338E}.Release|Any CPU.Build.0 = Release|Any CPU
		{75FC922E-2CB8-40FD-A50D-BE4DA22A4CE0}.Debug|Any CPU.ActiveCfg = Debug|Any CPU
		{75FC922E-2CB8-40FD-A50D-BE4DA22A4CE0}.Debug|Any CPU.Build.0 = Debug|Any CPU
		{75FC922E-2CB8-40FD-A50D-BE4DA22A4CE0}.Release|Any CPU.ActiveCfg = Release|Any CPU
		{75FC922E-2CB8-40FD-A50D-BE4DA22A4CE0}.Release|Any CPU.Build.0 = Release|Any CPU
		{435A8735-8307-4D7D-9B30-1E4DD8A2E519}.Debug|Any CPU.ActiveCfg = Debug|Any CPU
		{435A8735-8307-4D7D-9B30-1E4DD8A2E519}.Debug|Any CPU.Build.0 = Debug|Any CPU
		{435A8735-8307-4D7D-9B30-1E4DD8A2E519}.Release|Any CPU.ActiveCfg = Release|Any CPU
		{435A8735-8307-4D7D-9B30-1E4DD8A2E519}.Release|Any CPU.Build.0 = Release|Any CPU
		{E65E6243-C0B0-409E-BB0A-A8C5972218DB}.Debug|Any CPU.ActiveCfg = Debug|Any CPU
		{E65E6243-C0B0-409E-BB0A-A8C5972218DB}.Debug|Any CPU.Build.0 = Debug|Any CPU
		{E65E6243-C0B0-409E-BB0A-A8C5972218DB}.Release|Any CPU.ActiveCfg = Release|Any CPU
		{E65E6243-C0B0-409E-BB0A-A8C5972218DB}.Release|Any CPU.Build.0 = Release|Any CPU
		{C8D955C7-430F-4DF2-B35B-AD6F4ACDB28E}.Debug|Any CPU.ActiveCfg = Debug|Any CPU
		{C8D955C7-430F-4DF2-B35B-AD6F4ACDB28E}.Debug|Any CPU.Build.0 = Debug|Any CPU
		{C8D955C7-430F-4DF2-B35B-AD6F4ACDB28E}.Release|Any CPU.ActiveCfg = Release|Any CPU
		{C8D955C7-430F-4DF2-B35B-AD6F4ACDB28E}.Release|Any CPU.Build.0 = Release|Any CPU
		{8D51A2F4-6E72-4EA9-A36E-D0B72850CCDE}.Debug|Any CPU.ActiveCfg = Debug|Any CPU
		{8D51A2F4-6E72-4EA9-A36E-D0B72850CCDE}.Debug|Any CPU.Build.0 = Debug|Any CPU
		{8D51A2F4-6E72-4EA9-A36E-D0B72850CCDE}.Release|Any CPU.ActiveCfg = Release|Any CPU
		{8D51A2F4-6E72-4EA9-A36E-D0B72850CCDE}.Release|Any CPU.Build.0 = Release|Any CPU
		{1584F729-5145-4908-924B-3A26D3B3B547}.Debug|Any CPU.ActiveCfg = Debug|Any CPU
		{1584F729-5145-4908-924B-3A26D3B3B547}.Debug|Any CPU.Build.0 = Debug|Any CPU
		{1584F729-5145-4908-924B-3A26D3B3B547}.Release|Any CPU.ActiveCfg = Release|Any CPU
		{1584F729-5145-4908-924B-3A26D3B3B547}.Release|Any CPU.Build.0 = Release|Any CPU
	EndGlobalSection
	GlobalSection(SolutionProperties) = preSolution
		HideSolutionNode = FALSE
	EndGlobalSection
	GlobalSection(NestedProjects) = preSolution
		{39863433-F717-4AFF-9DED-99D007075A7F} = {C3DD00A0-1F8A-4E6B-9FE6-93452094B8C7}
		{416134DB-30B6-4234-BF25-7D9244641110} = {39863433-F717-4AFF-9DED-99D007075A7F}
		{47684B4D-3871-4DB8-9A20-93EC1C9F4606} = {6D1C9935-0227-4B67-BE67-6F9CDEC1568C}
		{4959EBD1-A8AF-4157-B935-F56398DD4F1F} = {C3DD00A0-1F8A-4E6B-9FE6-93452094B8C7}
		{9E1B4BB4-4314-4578-875C-494124E6338E} = {4959EBD1-A8AF-4157-B935-F56398DD4F1F}
		{874FD0E7-38D1-4695-8325-0321CB18E953} = {C3DD00A0-1F8A-4E6B-9FE6-93452094B8C7}
		{75FC922E-2CB8-40FD-A50D-BE4DA22A4CE0} = {874FD0E7-38D1-4695-8325-0321CB18E953}
		{9C7ACF71-3C01-4863-A658-30707284BF91} = {C3DD00A0-1F8A-4E6B-9FE6-93452094B8C7}
		{435A8735-8307-4D7D-9B30-1E4DD8A2E519} = {9C7ACF71-3C01-4863-A658-30707284BF91}
		{E65E6243-C0B0-409E-BB0A-A8C5972218DB} = {9C7ACF71-3C01-4863-A658-30707284BF91}
		{C8D955C7-430F-4DF2-B35B-AD6F4ACDB28E} = {9C7ACF71-3C01-4863-A658-30707284BF91}
		{8D51A2F4-6E72-4EA9-A36E-D0B72850CCDE} = {9C7ACF71-3C01-4863-A658-30707284BF91}
		{1584F729-5145-4908-924B-3A26D3B3B547} = {6D1C9935-0227-4B67-BE67-6F9CDEC1568C}
	EndGlobalSection
	GlobalSection(ExtensibilityGlobals) = postSolution
		SolutionGuid = {AE7C79F4-B41E-4AD1-80DB-218149928B4B}
	EndGlobalSection
EndGlobal
